
Microsoft Visual Studio Solution File, Format Version 12.00
# Visual Studio Version 16
VisualStudioVersion = 16.0.29025.244
MinimumVisualStudioVersion = 10.0.40219.1
Project("{FAE04EC0-301F-11D3-BF4B-00C04F79EFBC}") = "LMS_MVC", "LMS_MVC.csproj", "{470034FE-BF61-4CD6-99B7-9AA928633C0C}"
EndProject
Global
	GlobalSection(SolutionConfigurationPlatforms) = preSolution
		Debug|Any CPU = Debug|Any CPU
		Release|Any CPU = Release|Any CPU
	EndGlobalSection
	GlobalSection(ProjectConfigurationPlatforms) = postSolution
		{470034FE-BF61-4CD6-99B7-9AA928633C0C}.Debug|Any CPU.ActiveCfg = Debug|Any CPU
		{470034FE-BF61-4CD6-99B7-9AA928633C0C}.Debug|Any CPU.Build.0 = Debug|Any CPU
		{470034FE-BF61-4CD6-99B7-9AA928633C0C}.Release|Any CPU.ActiveCfg = Release|Any CPU
		{470034FE-BF61-4CD6-99B7-9AA928633C0C}.Release|Any CPU.Build.0 = Release|Any CPU
	EndGlobalSection
	GlobalSection(SolutionProperties) = preSolution
		HideSolutionNode = FALSE
	EndGlobalSection
	GlobalSection(ExtensibilityGlobals) = postSolution
		SolutionGuid = {765211ED-3ED5-4A02-861C-E3E4166DFA65}
	EndGlobalSection
EndGlobal
